
Microsoft Visual Studio Solution File, Format Version 12.00
# Visual Studio 2012
Project("{FAE04EC0-301F-11D3-BF4B-00C04F79EFBC}") = "MonoDevelop.Macaque", "MonoDevelop.Macaque\MonoDevelop.Macaque.csproj", "{8D343AB7-1E00-4CC2-A7B6-92F6405560C6}"
EndProject
Project("{2150E333-8FDC-42A3-9474-1A3956D46DE8}") = "Misc", "Misc", "{D7DB3C04-90A9-4F7F-83DB-7906F39D7215}"
	ProjectSection(SolutionItems) = preProject
		README.md = README.md
		TODO.md = TODO.md
	EndProjectSection
EndProject
Project("{FAE04EC0-301F-11D3-BF4B-00C04F79EFBC}") = "MonoDevelop.Macaque.Mac", "MonoDevelop.Macaque.Mac\MonoDevelop.Macaque.Mac.csproj", "{802583CA-875B-46E0-9D72-32DEE9BD4CE4}"
EndProject
Global
	GlobalSection(SolutionConfigurationPlatforms) = preSolution
		Debug|Any CPU = Debug|Any CPU
		Release|Any CPU = Release|Any CPU
	EndGlobalSection
	GlobalSection(ProjectConfigurationPlatforms) = postSolution
		{8D343AB7-1E00-4CC2-A7B6-92F6405560C6}.Debug|Any CPU.ActiveCfg = Debug|Any CPU
		{8D343AB7-1E00-4CC2-A7B6-92F6405560C6}.Debug|Any CPU.Build.0 = Debug|Any CPU
		{8D343AB7-1E00-4CC2-A7B6-92F6405560C6}.Release|Any CPU.ActiveCfg = Release|Any CPU
		{8D343AB7-1E00-4CC2-A7B6-92F6405560C6}.Release|Any CPU.Build.0 = Release|Any CPU
		{802583CA-875B-46E0-9D72-32DEE9BD4CE4}.Debug|Any CPU.ActiveCfg = Debug|Any CPU
		{802583CA-875B-46E0-9D72-32DEE9BD4CE4}.Debug|Any CPU.Build.0 = Debug|Any CPU
		{802583CA-875B-46E0-9D72-32DEE9BD4CE4}.Release|Any CPU.ActiveCfg = Release|Any CPU
		{802583CA-875B-46E0-9D72-32DEE9BD4CE4}.Release|Any CPU.Build.0 = Release|Any CPU
	EndGlobalSection
	GlobalSection(MonoDevelopProperties) = preSolution
		Policies = $0
		$0.TextStylePolicy = $1
		$1.inheritsSet = null
		$1.scope = text/x-csharp
		$0.CSharpFormattingPolicy = $2
		$2.inheritsSet = Mono
		$2.inheritsScope = text/x-csharp
		$2.scope = text/x-csharp
		$0.TextStylePolicy = $3
		$3.FileWidth = 120
		$3.TabsToSpaces = False
		$3.inheritsSet = VisualStudio
		$3.inheritsScope = text/plain
		$3.scope = text/plain
	EndGlobalSection
EndGlobal
